{
  "originHash" : "94d8c320ca20b3031a41ba27074176b8d77ee421a9498058cddbe2f6bc611336",
  "pins" : [
    {
      "identity" : "ai",
      "kind" : "remoteSourceControl",
      "location" : "https://github.com/PreternaturalAI/AI",
      "state" : {
        "branch" : "main",
        "revision" : "72fb1f629cf101fb3580f4d964bd9d33d271215d"
      }
    },
    {
      "identity" : "corepersistence",
      "kind" : "remoteSourceControl",
      "location" : "https://github.com/vmanot/CorePersistence.git",
      "state" : {
        "branch" : "main",
        "revision" : "f9d7c167e6fbf8cbde442e19c4e93c825737321e"
      }
    },
    {
      "identity" : "merge",
      "kind" : "remoteSourceControl",
      "location" : "https://github.com/vmanot/Merge.git",
      "state" : {
        "branch" : "master",
        "revision" : "70493ddf02b895fe9fbc922f0ecbb070c77ba7b9"
      }
    },
    {
      "identity" : "networkkit",
      "kind" : "remoteSourceControl",
      "location" : "https://github.com/vmanot/NetworkKit.git",
      "state" : {
        "branch" : "master",
        "revision" : "5eb6e13df2298423b10dd70109ede58cbce6dde3"
      }
    },
    {
      "identity" : "starratingviewswiftui",
      "kind" : "remoteSourceControl",
      "location" : "https://github.com/magickworx/StarRatingViewSwiftUI",
      "state" : {
        "branch" : "main",
        "revision" : "5d7e29d98b8e26c75e1eddc812c15a7ec1349d53"
      }
    },
    {
      "identity" : "swallow",
      "kind" : "remoteSourceControl",
      "location" : "https://github.com/vmanot/Swallow.git",
      "state" : {
        "branch" : "master",
        "revision" : "4de02e8d8ba0ce792dd1babfbaad1de97eed80e3"
      }
    },
    {
      "identity" : "swift-collections",
      "kind" : "remoteSourceControl",
      "location" : "https://github.com/apple/swift-collections",
      "state" : {
        "revision" : "9bf03ff58ce34478e66aaee630e491823326fd06",
        "version" : "1.1.3"
      }
    },
    {
      "identity" : "swift-syntax",
      "kind" : "remoteSourceControl",
      "location" : "https://github.com/apple/swift-syntax.git",
      "state" : {
        "revision" : "2bc86522d115234d1f588efe2bcb4ce4be8f8b82",
        "version" : "510.0.3"
      }
    },
    {
      "identity" : "swiftapi",
      "kind" : "remoteSourceControl",
      "location" : "https://github.com/vmanot/SwiftAPI.git",
      "state" : {
        "branch" : "master",
        "revision" : "c21d54e6057fa0331606417d51989aa501b348e2"
      }
    },
    {
      "identity" : "swiftuix",
      "kind" : "remoteSourceControl",
      "location" : "https://github.com/SwiftUIX/SwiftUIX.git",
      "state" : {
        "branch" : "master",
        "revision" : "d337fc58b4a1eb92fb0b161d5343a0760488c597"
      }
    }
  ],
  "version" : 3
}
